# This file is autogenerated, do not edit; changes may be undone by the next 'dep ensure'.


[[projects]]
  name = "github.com/asdine/storm"
  packages = [
    ".",
    "codec",
    "codec/json",
    "index",
    "internal",
    "q"
  ]
  revision = "bda68dab90fc908ee5dbccb36400edf4f54972d6"
  version = "v2.1.1"

[[projects]]
  name = "github.com/coreos/bbolt"
  packages = ["."]
  revision = "583e8937c61f1af6513608ccc75c97b6abdf4ff9"
  version = "v1.3.0"

[[projects]]
  branch = "master"
  name = "golang.org/x/sys"
  packages = ["unix"]
  revision = "6f686a352de66814cdd080d970febae7767857a3"

[solve-meta]
  analyzer-name = "dep"
  analyzer-version = 1
  inputs-digest = "7eaa30ebd46987ea4bae3283ca734b299c4494cc30b83d5a96e31d42b83a0e20"
  solver-name = "gps-cdcl"
  solver-version = 1
